
Microsoft Visual Studio Solution File, Format Version 12.00
# Visual Studio 14
VisualStudioVersion = 14.0.25420.1
MinimumVisualStudioVersion = 10.0.40219.1
Project("{FAE04EC0-301F-11D3-BF4B-00C04F79EFBC}") = "TeduShop.Common", "TeduShop.Common\TeduShop.Common.csproj", "{A2B55BEE-37E0-4460-8828-C82EFFAD80BC}"
EndProject
Project("{FAE04EC0-301F-11D3-BF4B-00C04F79EFBC}") = "TeduShop.Data", "TeduShop.Data\TeduShop.Data.csproj", "{D3B513A0-421C-443E-BF75-AFCF897871E5}"
EndProject
Project("{FAE04EC0-301F-11D3-BF4B-00C04F79EFBC}") = "TeduShop.Model", "TeduShop.Model\TeduShop.Model.csproj", "{6EA1586A-80CA-42E8-9A7E-386A48378BCF}"
EndProject
Project("{FAE04EC0-301F-11D3-BF4B-00C04F79EFBC}") = "TeduShop.Service", "TeduShop.Service\TeduShop.Service.csproj", "{2DF1E570-F5CD-41F1-9135-EF2B1ADEF4A7}"
EndProject
Project("{FAE04EC0-301F-11D3-BF4B-00C04F79EFBC}") = "TeduShop.UnitTest", "TeduShop.UnitTest\TeduShop.UnitTest.csproj", "{47E3AF4B-A453-4809-A758-E673CB93ED5C}"
EndProject
Project("{FAE04EC0-301F-11D3-BF4B-00C04F79EFBC}") = "TeduShop.Web", "TeduShop.Web\TeduShop.Web.csproj", "{31B9E4BC-8C0F-4208-9A28-2E8F96FC526F}"
EndProject
Global
	GlobalSection(SolutionConfigurationPlatforms) = preSolution
		Debug|Any CPU = Debug|Any CPU
		Release|Any CPU = Release|Any CPU
	EndGlobalSection
	GlobalSection(ProjectConfigurationPlatforms) = postSolution
		{A2B55BEE-37E0-4460-8828-C82EFFAD80BC}.Debug|Any CPU.ActiveCfg = Debug|Any CPU
		{A2B55BEE-37E0-4460-8828-C82EFFAD80BC}.Debug|Any CPU.Build.0 = Debug|Any CPU
		{A2B55BEE-37E0-4460-8828-C82EFFAD80BC}.Release|Any CPU.ActiveCfg = Release|Any CPU
		{A2B55BEE-37E0-4460-8828-C82EFFAD80BC}.Release|Any CPU.Build.0 = Release|Any CPU
		{D3B513A0-421C-443E-BF75-AFCF897871E5}.Debug|Any CPU.ActiveCfg = Debug|Any CPU
		{D3B513A0-421C-443E-BF75-AFCF897871E5}.Debug|Any CPU.Build.0 = Debug|Any CPU
		{D3B513A0-421C-443E-BF75-AFCF897871E5}.Release|Any CPU.ActiveCfg = Release|Any CPU
		{D3B513A0-421C-443E-BF75-AFCF897871E5}.Release|Any CPU.Build.0 = Release|Any CPU
		{6EA1586A-80CA-42E8-9A7E-386A48378BCF}.Debug|Any CPU.ActiveCfg = Debug|Any CPU
		{6EA1586A-80CA-42E8-9A7E-386A48378BCF}.Debug|Any CPU.Build.0 = Debug|Any CPU
		{6EA1586A-80CA-42E8-9A7E-386A48378BCF}.Release|Any CPU.ActiveCfg = Release|Any CPU
		{6EA1586A-80CA-42E8-9A7E-386A48378BCF}.Release|Any CPU.Build.0 = Release|Any CPU
		{2DF1E570-F5CD-41F1-9135-EF2B1ADEF4A7}.Debug|Any CPU.ActiveCfg = Debug|Any CPU
		{2DF1E570-F5CD-41F1-9135-EF2B1ADEF4A7}.Debug|Any CPU.Build.0 = Debug|Any CPU
		{2DF1E570-F5CD-41F1-9135-EF2B1ADEF4A7}.Release|Any CPU.ActiveCfg = Release|Any CPU
		{2DF1E570-F5CD-41F1-9135-EF2B1ADEF4A7}.Release|Any CPU.Build.0 = Release|Any CPU
		{47E3AF4B-A453-4809-A758-E673CB93ED5C}.Debug|Any CPU.ActiveCfg = Debug|Any CPU
		{47E3AF4B-A453-4809-A758-E673CB93ED5C}.Debug|Any CPU.Build.0 = Debug|Any CPU
		{47E3AF4B-A453-4809-A758-E673CB93ED5C}.Release|Any CPU.ActiveCfg = Release|Any CPU
		{47E3AF4B-A453-4809-A758-E673CB93ED5C}.Release|Any CPU.Build.0 = Release|Any CPU
		{31B9E4BC-8C0F-4208-9A28-2E8F96FC526F}.Debug|Any CPU.ActiveCfg = Debug|Any CPU
		{31B9E4BC-8C0F-4208-9A28-2E8F96FC526F}.Debug|Any CPU.Build.0 = Debug|Any CPU
		{31B9E4BC-8C0F-4208-9A28-2E8F96FC526F}.Release|Any CPU.ActiveCfg = Release|Any CPU
		{31B9E4BC-8C0F-4208-9A28-2E8F96FC526F}.Release|Any CPU.Build.0 = Release|Any CPU
	EndGlobalSection
	GlobalSection(SolutionProperties) = preSolution
		HideSolutionNode = FALSE
	EndGlobalSection
EndGlobal
